{
  "requires": true,
  "lockfileVersion": 1,
  "dependencies": {
    "failure-lambda": {
      "version": "0.0.1",
      "resolved": "https://registry.npmjs.org/failure-lambda/-/failure-lambda-0.0.1.tgz",
      "integrity": "sha512-CzKYywk1xbB3Pg6l2N9HMCgaDpzsgSxLIMWeQkM2C/chhZWZGM8q9UqxM6vvWPyplh79h8DeSUZxfLiJu7/ZJA=="
    }
  }
}
