{
  "name": "failure-lambda-example",
  "version": "0.1.0",
  "lockfileVersion": 1,
  "requires": true,
  "dependencies": {
    "failure-lambda": {
      "version": "0.4.4",
      "resolved": "https://registry.npmjs.org/failure-lambda/-/failure-lambda-0.4.4.tgz",
      "integrity": "sha512-dVTDyWzkQQw5xEzPthNrQxEJB06gbf4yMfXO8IxzVDb980JfUZK9hchvudWNSk0GVdo7bvBVoY7A68DqoondcA==",
      "requires": {
        "mitm": "^1.7.2",
        "node-fetch": "^2.6.7"
      }
    },
    "mitm": {
      "version": "1.7.2",
      "resolved": "https://registry.npmjs.org/mitm/-/mitm-1.7.2.tgz",
      "integrity": "sha512-SuiJbc5xisP/iUYvsKAvrvPeoyJQbYI3WOfnp8A7XHDn4wkdtmGZe2ZTFXIo3K1of05oxUiaJIK+GoAU5KgFOw==",
      "requires": {
        "semver": ">= 5 < 6",
        "underscore": ">= 1.1.6 < 1.14"
      }
    },
    "node-fetch": {
      "version": "2.6.7",
      "resolved": "https://registry.npmjs.org/node-fetch/-/node-fetch-2.6.7.tgz",
      "integrity": "sha512-ZjMPFEfVx5j+y2yF35Kzx5sF7kDzxuDj6ziH4FFbOp87zKDZNx8yExJIb05OGF4Nlt9IHFIMBkRl41VdvcNdbQ==",
      "requires": {
        "whatwg-url": "^5.0.0"
      }
    },
    "semver": {
      "version": "5.7.1",
      "resolved": "https://registry.npmjs.org/semver/-/semver-5.7.1.tgz",
      "integrity": "sha512-sauaDf/PZdVgrLTNYHRtpXa1iRiKcaebiKQ1BJdpQlWH2lCvexQdX55snPFyK7QzpudqbCI0qXFfOasHdyNDGQ=="
    },
    "tr46": {
      "version": "0.0.3",
      "resolved": "https://registry.npmjs.org/tr46/-/tr46-0.0.3.tgz",
      "integrity": "sha1-gYT9NH2snNwYWZLzpmIuFLnZq2o="
    },
    "underscore": {
      "version": "1.13.2",
      "resolved": "https://registry.npmjs.org/underscore/-/underscore-1.13.2.tgz",
      "integrity": "sha512-ekY1NhRzq0B08g4bGuX4wd2jZx5GnKz6mKSqFL4nqBlfyMGiG10gDFhDTMEfYmDL6Jy0FUIZp7wiRB+0BP7J2g=="
    },
    "webidl-conversions": {
      "version": "3.0.1",
      "resolved": "https://registry.npmjs.org/webidl-conversions/-/webidl-conversions-3.0.1.tgz",
      "integrity": "sha1-JFNCdeKnvGvnvIZhHMFq4KVlSHE="
    },
    "whatwg-url": {
      "version": "5.0.0",
      "resolved": "https://registry.npmjs.org/whatwg-url/-/whatwg-url-5.0.0.tgz",
      "integrity": "sha1-lmRU6HZUYuN2RNNib2dCzotwll0=",
      "requires": {
        "tr46": "~0.0.3",
        "webidl-conversions": "^3.0.0"
      }
    }
  }
}
